
Microsoft Visual Studio Solution File, Format Version 10.00
# Visual Studio 2008
Project("{FAE04EC0-301F-11D3-BF4B-00C04F79EFBC}") = "gestio_compte", "gestio_compte\gestio_compte.csproj", "{64E30350-9845-4A68-9A79-86A996AFF4FB}"
EndProject
Global
	GlobalSection(SolutionConfigurationPlatforms) = preSolution
		Debug|Any CPU = Debug|Any CPU
		Release|Any CPU = Release|Any CPU
	EndGlobalSection
	GlobalSection(ProjectConfigurationPlatforms) = postSolution
		{64E30350-9845-4A68-9A79-86A996AFF4FB}.Debug|Any CPU.ActiveCfg = Debug|Any CPU
		{64E30350-9845-4A68-9A79-86A996AFF4FB}.Debug|Any CPU.Build.0 = Debug|Any CPU
		{64E30350-9845-4A68-9A79-86A996AFF4FB}.Release|Any CPU.ActiveCfg = Release|Any CPU
		{64E30350-9845-4A68-9A79-86A996AFF4FB}.Release|Any CPU.Build.0 = Release|Any CPU
	EndGlobalSection
	GlobalSection(SolutionProperties) = preSolution
		HideSolutionNode = FALSE
	EndGlobalSection
EndGlobal
