
Microsoft Visual Studio Solution File, Format Version 10.00
# Visual C# Express 2008
Project("{FAE04EC0-301F-11D3-BF4B-00C04F79EFBC}") = "gestion_des_billet", "gestion_des_billet\gestion_des_billet.csproj", "{90D15BED-EE93-44E6-AC87-8546CFC07DD8}"
EndProject
Global
	GlobalSection(SolutionConfigurationPlatforms) = preSolution
		Debug|Any CPU = Debug|Any CPU
		Release|Any CPU = Release|Any CPU
	EndGlobalSection
	GlobalSection(ProjectConfigurationPlatforms) = postSolution
		{90D15BED-EE93-44E6-AC87-8546CFC07DD8}.Debug|Any CPU.ActiveCfg = Debug|Any CPU
		{90D15BED-EE93-44E6-AC87-8546CFC07DD8}.Debug|Any CPU.Build.0 = Debug|Any CPU
		{90D15BED-EE93-44E6-AC87-8546CFC07DD8}.Release|Any CPU.ActiveCfg = Release|Any CPU
		{90D15BED-EE93-44E6-AC87-8546CFC07DD8}.Release|Any CPU.Build.0 = Release|Any CPU
	EndGlobalSection
	GlobalSection(SolutionProperties) = preSolution
		HideSolutionNode = FALSE
	EndGlobalSection
EndGlobal
